
Microsoft Visual Studio Solution File, Format Version 12.00
# Visual Studio Version 16
VisualStudioVersion = 16.0.33214.272
MinimumVisualStudioVersion = 10.0.40219.1
Project("{FAE04EC0-301F-11D3-BF4B-00C04F79EFBC}") = "OwenDamage", "OwenDamage\OwenDamage.csproj", "{1B6D4DFE-9DCC-4BFC-945D-BEACE7B66A72}"
EndProject
Global
	GlobalSection(SolutionConfigurationPlatforms) = preSolution
		Debug|Any CPU = Debug|Any CPU
		Release|Any CPU = Release|Any CPU
	EndGlobalSection
	GlobalSection(ProjectConfigurationPlatforms) = postSolution
		{1B6D4DFE-9DCC-4BFC-945D-BEACE7B66A72}.Debug|Any CPU.ActiveCfg = Debug|Any CPU
		{1B6D4DFE-9DCC-4BFC-945D-BEACE7B66A72}.Debug|Any CPU.Build.0 = Debug|Any CPU
		{1B6D4DFE-9DCC-4BFC-945D-BEACE7B66A72}.Release|Any CPU.ActiveCfg = Release|Any CPU
		{1B6D4DFE-9DCC-4BFC-945D-BEACE7B66A72}.Release|Any CPU.Build.0 = Release|Any CPU
	EndGlobalSection
	GlobalSection(SolutionProperties) = preSolution
		HideSolutionNode = FALSE
	EndGlobalSection
	GlobalSection(ExtensibilityGlobals) = postSolution
		SolutionGuid = {43CB3404-8BCD-4217-8DCE-1BED910AD32D}
	EndGlobalSection
EndGlobal
